
Microsoft Visual Studio Solution File, Format Version 12.00
# Visual Studio Version 17
VisualStudioVersion = 17.0.32014.148
MinimumVisualStudioVersion = 10.0.40219.1
Project("{FAE04EC0-301F-11D3-BF4B-00C04F79EFBC}") = "DotNetCoreMVC", "DotNetCoreMVC\DotNetCoreMVC.csproj", "{6CF8EDF2-CBA9-42F8-8F2A-04D7F14D15EB}"
EndProject
Global
	GlobalSection(SolutionConfigurationPlatforms) = preSolution
		Debug|Any CPU = Debug|Any CPU
		Release|Any CPU = Release|Any CPU
	EndGlobalSection
	GlobalSection(ProjectConfigurationPlatforms) = postSolution
		{6CF8EDF2-CBA9-42F8-8F2A-04D7F14D15EB}.Debug|Any CPU.ActiveCfg = Debug|Any CPU
		{6CF8EDF2-CBA9-42F8-8F2A-04D7F14D15EB}.Debug|Any CPU.Build.0 = Debug|Any CPU
		{6CF8EDF2-CBA9-42F8-8F2A-04D7F14D15EB}.Release|Any CPU.ActiveCfg = Release|Any CPU
		{6CF8EDF2-CBA9-42F8-8F2A-04D7F14D15EB}.Release|Any CPU.Build.0 = Release|Any CPU
	EndGlobalSection
	GlobalSection(SolutionProperties) = preSolution
		HideSolutionNode = FALSE
	EndGlobalSection
	GlobalSection(ExtensibilityGlobals) = postSolution
		SolutionGuid = {10C0BE72-53DB-45AF-9C0E-0D17ED94F360}
	EndGlobalSection
EndGlobal
